
Microsoft Visual Studio Solution File, Format Version 12.00
# Visual Studio Version 17
VisualStudioVersion = 17.11.35431.28
MinimumVisualStudioVersion = 10.0.40219.1
Project("{FAE04EC0-301F-11D3-BF4B-00C04F79EFBC}") = "ProductClientApp", "ProductClientApp\ProductClientApp.csproj", "{FF23EAFA-C1EA-47B8-9A83-493CE6941785}"
EndProject
Global
	GlobalSection(SolutionConfigurationPlatforms) = preSolution
		Debug|Any CPU = Debug|Any CPU
		Release|Any CPU = Release|Any CPU
	EndGlobalSection
	GlobalSection(ProjectConfigurationPlatforms) = postSolution
		{FF23EAFA-C1EA-47B8-9A83-493CE6941785}.Debug|Any CPU.ActiveCfg = Debug|Any CPU
		{FF23EAFA-C1EA-47B8-9A83-493CE6941785}.Debug|Any CPU.Build.0 = Debug|Any CPU
		{FF23EAFA-C1EA-47B8-9A83-493CE6941785}.Release|Any CPU.ActiveCfg = Release|Any CPU
		{FF23EAFA-C1EA-47B8-9A83-493CE6941785}.Release|Any CPU.Build.0 = Release|Any CPU
	EndGlobalSection
	GlobalSection(SolutionProperties) = preSolution
		HideSolutionNode = FALSE
	EndGlobalSection
	GlobalSection(ExtensibilityGlobals) = postSolution
		SolutionGuid = {BF47553F-4145-4F17-A396-6C24DFC55136}
	EndGlobalSection
EndGlobal
